
Microsoft Visual Studio Solution File, Format Version 12.00
# Visual Studio Version 17
VisualStudioVersion = 17.8.34525.116
MinimumVisualStudioVersion = 10.0.40219.1
Project("{FAE04EC0-301F-11D3-BF4B-00C04F79EFBC}") = "Week6", "Week6\Week6.csproj", "{ACD2223C-4EE0-4A4D-9953-9A9F9CC26E3B}"
EndProject
Project("{FAE04EC0-301F-11D3-BF4B-00C04F79EFBC}") = "RandomElement", "RandomElement\RandomElement.csproj", "{1CDC9784-5224-4AA9-B181-173010FE19B3}"
EndProject
Project("{FAE04EC0-301F-11D3-BF4B-00C04F79EFBC}") = "NumberArrays", "NumberArrays\NumberArrays.csproj", "{566F9C08-8F99-4C88-9341-2C7DD413FA3B}"
EndProject
Project("{FAE04EC0-301F-11D3-BF4B-00C04F79EFBC}") = "Arrays", "Arrays\Arrays.csproj", "{52C09A9B-A068-4AE1-B9B1-6B066CF3295A}"
EndProject
Global
	GlobalSection(SolutionConfigurationPlatforms) = preSolution
		Debug|Any CPU = Debug|Any CPU
		Release|Any CPU = Release|Any CPU
	EndGlobalSection
	GlobalSection(ProjectConfigurationPlatforms) = postSolution
		{ACD2223C-4EE0-4A4D-9953-9A9F9CC26E3B}.Debug|Any CPU.ActiveCfg = Debug|Any CPU
		{ACD2223C-4EE0-4A4D-9953-9A9F9CC26E3B}.Debug|Any CPU.Build.0 = Debug|Any CPU
		{ACD2223C-4EE0-4A4D-9953-9A9F9CC26E3B}.Release|Any CPU.ActiveCfg = Release|Any CPU
		{ACD2223C-4EE0-4A4D-9953-9A9F9CC26E3B}.Release|Any CPU.Build.0 = Release|Any CPU
		{1CDC9784-5224-4AA9-B181-173010FE19B3}.Debug|Any CPU.ActiveCfg = Debug|Any CPU
		{1CDC9784-5224-4AA9-B181-173010FE19B3}.Debug|Any CPU.Build.0 = Debug|Any CPU
		{1CDC9784-5224-4AA9-B181-173010FE19B3}.Release|Any CPU.ActiveCfg = Release|Any CPU
		{1CDC9784-5224-4AA9-B181-173010FE19B3}.Release|Any CPU.Build.0 = Release|Any CPU
		{566F9C08-8F99-4C88-9341-2C7DD413FA3B}.Debug|Any CPU.ActiveCfg = Debug|Any CPU
		{566F9C08-8F99-4C88-9341-2C7DD413FA3B}.Debug|Any CPU.Build.0 = Debug|Any CPU
		{566F9C08-8F99-4C88-9341-2C7DD413FA3B}.Release|Any CPU.ActiveCfg = Release|Any CPU
		{566F9C08-8F99-4C88-9341-2C7DD413FA3B}.Release|Any CPU.Build.0 = Release|Any CPU
		{52C09A9B-A068-4AE1-B9B1-6B066CF3295A}.Debug|Any CPU.ActiveCfg = Debug|Any CPU
		{52C09A9B-A068-4AE1-B9B1-6B066CF3295A}.Debug|Any CPU.Build.0 = Debug|Any CPU
		{52C09A9B-A068-4AE1-B9B1-6B066CF3295A}.Release|Any CPU.ActiveCfg = Release|Any CPU
		{52C09A9B-A068-4AE1-B9B1-6B066CF3295A}.Release|Any CPU.Build.0 = Release|Any CPU
	EndGlobalSection
	GlobalSection(SolutionProperties) = preSolution
		HideSolutionNode = FALSE
	EndGlobalSection
	GlobalSection(ExtensibilityGlobals) = postSolution
		SolutionGuid = {63E9BD21-8BC7-4CF5-AF72-B6A3EEF05120}
	EndGlobalSection
EndGlobal
